
Microsoft Visual Studio Solution File, Format Version 12.00
# Visual Studio Version 17
VisualStudioVersion = 17.14.36327.8
MinimumVisualStudioVersion = 10.0.40219.1
Project("{8BC9CEB8-8B4A-11D0-8D11-00A0C91BC942}") = "Glad", "GLAD\GLAD.vcxproj", "{90FC090C-3046-40D5-AE1E-D04E8AEC83CC}"
EndProject
Project("{8BC9CEB8-8B4A-11D0-8D11-00A0C91BC942}") = "Editor", "EDITOR\EDITOR.vcxproj", "{8250DC10-EB12-4DCE-9A23-B4695363E1C9}"
EndProject
Project("{8BC9CEB8-8B4A-11D0-8D11-00A0C91BC942}") = "Window", "Window\Window.vcxproj", "{A930181F-2110-4D57-84CE-2D7DC0F44357}"
EndProject
Project("{8BC9CEB8-8B4A-11D0-8D11-00A0C91BC942}") = "Utilities", "Utilities\Utilities.vcxproj", "{57200A04-1262-450C-907E-B274C1889CFB}"
EndProject
Project("{8BC9CEB8-8B4A-11D0-8D11-00A0C91BC942}") = "SOIL", "SOIL\SOIL.vcxproj", "{51E7F6D2-108B-40D0-BE47-8772BAD4A838}"
EndProject
Global
	GlobalSection(SolutionConfigurationPlatforms) = preSolution
		Debug|x64 = Debug|x64
		Debug|x86 = Debug|x86
		Release|x64 = Release|x64
		Release|x86 = Release|x86
	EndGlobalSection
	GlobalSection(ProjectConfigurationPlatforms) = postSolution
		{90FC090C-3046-40D5-AE1E-D04E8AEC83CC}.Debug|x64.ActiveCfg = Debug|x64
		{90FC090C-3046-40D5-AE1E-D04E8AEC83CC}.Debug|x64.Build.0 = Debug|x64
		{90FC090C-3046-40D5-AE1E-D04E8AEC83CC}.Debug|x86.ActiveCfg = Debug|Win32
		{90FC090C-3046-40D5-AE1E-D04E8AEC83CC}.Debug|x86.Build.0 = Debug|Win32
		{90FC090C-3046-40D5-AE1E-D04E8AEC83CC}.Release|x64.ActiveCfg = Release|x64
		{90FC090C-3046-40D5-AE1E-D04E8AEC83CC}.Release|x64.Build.0 = Release|x64
		{90FC090C-3046-40D5-AE1E-D04E8AEC83CC}.Release|x86.ActiveCfg = Release|Win32
		{90FC090C-3046-40D5-AE1E-D04E8AEC83CC}.Release|x86.Build.0 = Release|Win32
		{8250DC10-EB12-4DCE-9A23-B4695363E1C9}.Debug|x64.ActiveCfg = Debug|x64
		{8250DC10-EB12-4DCE-9A23-B4695363E1C9}.Debug|x64.Build.0 = Debug|x64
		{8250DC10-EB12-4DCE-9A23-B4695363E1C9}.Debug|x86.ActiveCfg = Debug|Win32
		{8250DC10-EB12-4DCE-9A23-B4695363E1C9}.Debug|x86.Build.0 = Debug|Win32
		{8250DC10-EB12-4DCE-9A23-B4695363E1C9}.Release|x64.ActiveCfg = Release|x64
		{8250DC10-EB12-4DCE-9A23-B4695363E1C9}.Release|x64.Build.0 = Release|x64
		{8250DC10-EB12-4DCE-9A23-B4695363E1C9}.Release|x86.ActiveCfg = Release|Win32
		{8250DC10-EB12-4DCE-9A23-B4695363E1C9}.Release|x86.Build.0 = Release|Win32
		{A930181F-2110-4D57-84CE-2D7DC0F44357}.Debug|x64.ActiveCfg = Debug|x64
		{A930181F-2110-4D57-84CE-2D7DC0F44357}.Debug|x64.Build.0 = Debug|x64
		{A930181F-2110-4D57-84CE-2D7DC0F44357}.Debug|x86.ActiveCfg = Debug|Win32
		{A930181F-2110-4D57-84CE-2D7DC0F44357}.Debug|x86.Build.0 = Debug|Win32
		{A930181F-2110-4D57-84CE-2D7DC0F44357}.Release|x64.ActiveCfg = Release|x64
		{A930181F-2110-4D57-84CE-2D7DC0F44357}.Release|x64.Build.0 = Release|x64
		{A930181F-2110-4D57-84CE-2D7DC0F44357}.Release|x86.ActiveCfg = Release|Win32
		{A930181F-2110-4D57-84CE-2D7DC0F44357}.Release|x86.Build.0 = Release|Win32
		{57200A04-1262-450C-907E-B274C1889CFB}.Debug|x64.ActiveCfg = Debug|x64
		{57200A04-1262-450C-907E-B274C1889CFB}.Debug|x64.Build.0 = Debug|x64
		{57200A04-1262-450C-907E-B274C1889CFB}.Debug|x86.ActiveCfg = Debug|Win32
		{57200A04-1262-450C-907E-B274C1889CFB}.Debug|x86.Build.0 = Debug|Win32
		{57200A04-1262-450C-907E-B274C1889CFB}.Release|x64.ActiveCfg = Release|x64
		{57200A04-1262-450C-907E-B274C1889CFB}.Release|x64.Build.0 = Release|x64
		{57200A04-1262-450C-907E-B274C1889CFB}.Release|x86.ActiveCfg = Release|Win32
		{57200A04-1262-450C-907E-B274C1889CFB}.Release|x86.Build.0 = Release|Win32
		{51E7F6D2-108B-40D0-BE47-8772BAD4A838}.Debug|x64.ActiveCfg = Debug|x64
		{51E7F6D2-108B-40D0-BE47-8772BAD4A838}.Debug|x64.Build.0 = Debug|x64
		{51E7F6D2-108B-40D0-BE47-8772BAD4A838}.Debug|x86.ActiveCfg = Debug|Win32
		{51E7F6D2-108B-40D0-BE47-8772BAD4A838}.Debug|x86.Build.0 = Debug|Win32
		{51E7F6D2-108B-40D0-BE47-8772BAD4A838}.Release|x64.ActiveCfg = Release|x64
		{51E7F6D2-108B-40D0-BE47-8772BAD4A838}.Release|x64.Build.0 = Release|x64
		{51E7F6D2-108B-40D0-BE47-8772BAD4A838}.Release|x86.ActiveCfg = Release|Win32
		{51E7F6D2-108B-40D0-BE47-8772BAD4A838}.Release|x86.Build.0 = Release|Win32
	EndGlobalSection
	GlobalSection(SolutionProperties) = preSolution
		HideSolutionNode = FALSE
	EndGlobalSection
	GlobalSection(ExtensibilityGlobals) = postSolution
		SolutionGuid = {270ADA97-46DB-4B9F-9D69-903F00B908A3}
	EndGlobalSection
EndGlobal
