<?xml version="1.0" encoding="utf-8"?>
<Project ToolsVersion="4.0" xmlns="http://schemas.microsoft.com/developer/msbuild/2003">
  <ItemGroup>
    <Filter Include="Source Files">
      <UniqueIdentifier>{4FC737F1-C7A5-4376-A066-2A32D752A2FF}</UniqueIdentifier>
      <Extensions>cpp;c;cc;cxx;c++;cppm;ixx;def;odl;idl;hpj;bat;asm;asmx</Extensions>
    </Filter>
    <Filter Include="Header Files">
      <UniqueIdentifier>{93995380-89BD-4b04-88EB-625FBE52EBFB}</UniqueIdentifier>
      <Extensions>h;hh;hpp;hxx;h++;hm;inl;inc;ipp;xsd</Extensions>
    </Filter>
    <Filter Include="Resource Files">
      <UniqueIdentifier>{67DA6AB6-F800-4c08-8B7A-83BB121AAD01}</UniqueIdentifier>
      <Extensions>rc;ico;cur;bmp;dlg;rc2;rct;bin;rgs;gif;jpg;jpeg;jpe;resx;tiff;tif;png;wav;mfcribbon-ms</Extensions>
    </Filter>
  </ItemGroup>
  <ItemGroup>
    <ClCompile Include="src\main.cpp">
      <Filter>Source Files</Filter>
    </ClCompile>
    <ClCompile Include="src\Application.cpp">
      <Filter>Source Files</Filter>
    </ClCompile>
    <ClCompile Include="src\editor\displays\GameDisplay.cpp">
      <Filter>Source Files</Filter>
    </ClCompile>
    <ClCompile Include="src\editor\displays\LogDisplay.cpp">
      <Filter>Source Files</Filter>
    </ClCompile>
    <ClCompile Include="src\editor\displays\SceneDisplay.cpp">
      <Filter>Source Files</Filter>
    </ClCompile>
    <ClCompile Include="src\editor\displays\AssetDisplay.cpp">
      <Filter>Source Files</Filter>
    </ClCompile>
    <ClCompile Include="src\editor\scene\SceneObject.cpp">
      <Filter>Source Files</Filter>
    </ClCompile>
    <ClCompile Include="src\editor\scene\SceneManager.cpp">
      <Filter>Source Files</Filter>
    </ClCompile>
    <ClCompile Include="src\editor\tools\AbstractTool.cpp">
      <Filter>Source Files</Filter>
    </ClCompile>
    <ClCompile Include="src\editor\tools\ToolManager.cpp">
      <Filter>Source Files</Filter>
    </ClCompile>
    <ClCompile Include="src\editor\displays\MenuDisplay.cpp">
      <Filter>Source Files</Filter>
    </ClCompile>
    <ClCompile Include="src\editor\utilities\ComponentDrawer.cpp">
      <Filter>Source Files</Filter>
    </ClCompile>
    <ClCompile Include="src\editor\utilities\ImGuiUtils.cpp">
      <Filter>Source Files</Filter>
    </ClCompile>
    <ClCompile Include="src\editor\displays\SceneHierarchyDisplay.cpp">
      <Filter>Source Files</Filter>
    </ClCompile>
  </ItemGroup>
  <ItemGroup>
    <None Include="SDL2.dll" />
    <None Include="assets\scripts\main.lua" />
    <None Include="assets\scripts\GameDemo\Defs\envirDefs.lua" />
    <None Include="assets\scripts\GameDemo\utilities.lua" />
    <None Include="assets\scripts\GameDemo\Defs\assetDefs.lua" />
    <None Include="SDL2_mixer.dll" />
    <None Include="assets\shaders\physics_Debug.vert" />
    <None Include="assets\shaders\physics_Debug.frag" />
    <None Include="imgui.ini" />
    <None Include="assets\scripts\GameDemo\script_list.lua" />
    <None Include="assets\scripts\GameDemo\Defs\playerDefs.lua" />
    <None Include="assets\scripts\GameDemo\bullet.lua" />
    <None Include="assets\scripts\GameDemo\Defs\hudDefs.lua" />
    <None Include="assets\scripts\GameDemo\Defs\bulletDefs.lua" />
    <None Include="src\editor\utilities\ComponentDrawer.inl">
      <Filter>Header Files</Filter>
    </None>
    <None Include="assets\scripts\GameDemo\player.lua" />
    <None Include="assets\scripts\GameDemo\platform.lua" />
    <None Include="assets\scripts\GameDemo\plat.lua" />
    <None Include="assets\scripts\GameDemo\Defs\lightDefs.lua" />
    <None Include="assets\shaders\forward_BlinnPhong.vert" />
    <None Include="assets\shaders\forward_BlinnPhong.frag" />
    <None Include="assimp-vc143-mtd.dll" />
    <None Include="assets\scripts\GameDemo\Defs\ModelDefs.lua" />
    <None Include="assets\models\backpack\backpack.mtl" />
    <None Include="assets\models\nanosuit\nanosuit.blend" />
    <None Include="assets\models\nanosuit\nanosuit.mtl" />
    <None Include="assets\models\cyborg\cyborg.blend" />
    <None Include="assets\models\cyborg\cyborg.blend1" />
    <None Include="assets\models\cyborg\cyborg.mtl" />
    <None Include="assets\shaders\forward_Color.vert" />
    <None Include="assets\shaders\forward_Color.frag" />
    <None Include="assets\shaders\skybox.vert" />
    <None Include="assets\shaders\skybox.frag" />
    <None Include="assets\shaders\shadow_Map.vert" />
    <None Include="assets\shaders\shadow_Map.frag" />
    <None Include="assets\shaders\shadow_Cubemap.vert" />
    <None Include="assets\shaders\shadow_Cubemap.frag" />
    <None Include="assets\shaders\shadow_Cubemap.geom" />
    <None Include="assets\shaders\defer_Gbuffer.vert" />
    <None Include="assets\shaders\defer_Gbuffer.frag" />
    <None Include="assets\shaders\defer_Lighting.vert" />
    <None Include="assets\shaders\defer_Lighting.frag" />
    <None Include="assets\shaders\defer_ssao.vert" />
    <None Include="assets\shaders\defer_ssao.frag" />
    <None Include="assets\shaders\defer_ssaoBlur.vert" />
    <None Include="assets\shaders\defer_ssaoBlur.frag" />
  </ItemGroup>
  <ItemGroup>
    <Image Include="assets\textures\mafuyu.png">
      <Filter>Resource Files</Filter>
    </Image>
    <Image Include="assets\textures\container.png">
      <Filter>Resource Files</Filter>
    </Image>
    <Image Include="assets\textures\wood.png">
      <Filter>Resource Files</Filter>
    </Image>
    <Image Include="assets\textures\lego.png">
      <Filter>Resource Files</Filter>
    </Image>
    <Image Include="assets\textures\football.png">
      <Filter>Resource Files</Filter>
    </Image>
    <Image Include="assets\textures\brick.png">
      <Filter>Resource Files</Filter>
    </Image>
    <Image Include="assets\textures\rust.png">
      <Filter>Resource Files</Filter>
    </Image>
    <Image Include="assets\textures\container_specular.png">
      <Filter>Resource Files</Filter>
    </Image>
    <Image Include="assets\textures\dragon_girl.jpg">
      <Filter>Resource Files</Filter>
    </Image>
    <Image Include="assets\models\backpack\ao.jpg">
      <Filter>Resource Files</Filter>
    </Image>
    <Image Include="assets\models\backpack\diffuse.jpg">
      <Filter>Resource Files</Filter>
    </Image>
    <Image Include="assets\models\backpack\normal.png">
      <Filter>Resource Files</Filter>
    </Image>
    <Image Include="assets\models\backpack\roughness.jpg">
      <Filter>Resource Files</Filter>
    </Image>
    <Image Include="assets\models\backpack\specular.jpg">
      <Filter>Resource Files</Filter>
    </Image>
    <Image Include="assets\models\nanosuit\arm_dif.png">
      <Filter>Resource Files</Filter>
    </Image>
    <Image Include="assets\models\nanosuit\arm_showroom_ddn.png">
      <Filter>Resource Files</Filter>
    </Image>
    <Image Include="assets\models\nanosuit\arm_showroom_spec.png">
      <Filter>Resource Files</Filter>
    </Image>
    <Image Include="assets\models\nanosuit\body_dif.png">
      <Filter>Resource Files</Filter>
    </Image>
    <Image Include="assets\models\nanosuit\body_showroom_ddn.png">
      <Filter>Resource Files</Filter>
    </Image>
    <Image Include="assets\models\nanosuit\body_showroom_spec.png">
      <Filter>Resource Files</Filter>
    </Image>
    <Image Include="assets\models\nanosuit\glass_ddn.png">
      <Filter>Resource Files</Filter>
    </Image>
    <Image Include="assets\models\nanosuit\glass_dif.png">
      <Filter>Resource Files</Filter>
    </Image>
    <Image Include="assets\models\nanosuit\hand_dif.png">
      <Filter>Resource Files</Filter>
    </Image>
    <Image Include="assets\models\nanosuit\hand_showroom_ddn.png">
      <Filter>Resource Files</Filter>
    </Image>
    <Image Include="assets\models\nanosuit\hand_showroom_spec.png">
      <Filter>Resource Files</Filter>
    </Image>
    <Image Include="assets\models\nanosuit\helmet_diff.png">
      <Filter>Resource Files</Filter>
    </Image>
    <Image Include="assets\models\nanosuit\helmet_showroom_ddn.png">
      <Filter>Resource Files</Filter>
    </Image>
    <Image Include="assets\models\nanosuit\helmet_showroom_spec.png">
      <Filter>Resource Files</Filter>
    </Image>
    <Image Include="assets\models\nanosuit\leg_dif.png">
      <Filter>Resource Files</Filter>
    </Image>
    <Image Include="assets\models\nanosuit\leg_showroom_ddn.png">
      <Filter>Resource Files</Filter>
    </Image>
    <Image Include="assets\models\nanosuit\leg_showroom_spec.png">
      <Filter>Resource Files</Filter>
    </Image>
    <Image Include="assets\models\cyborg\cyborg_diffuse.png">
      <Filter>Resource Files</Filter>
    </Image>
    <Image Include="assets\models\cyborg\cyborg_normal.png">
      <Filter>Resource Files</Filter>
    </Image>
    <Image Include="assets\models\cyborg\cyborg_specular.png">
      <Filter>Resource Files</Filter>
    </Image>
  </ItemGroup>
  <ItemGroup>
    <ClInclude Include="src\Application.h">
      <Filter>Header Files</Filter>
    </ClInclude>
    <ClInclude Include="src\editor\displays\GameDisplay.h">
      <Filter>Header Files</Filter>
    </ClInclude>
    <ClInclude Include="src\editor\displays\IDisplay.h">
      <Filter>Header Files</Filter>
    </ClInclude>
    <ClInclude Include="src\editor\displays\LogDisplay.h">
      <Filter>Header Files</Filter>
    </ClInclude>
    <ClInclude Include="src\editor\utilities\editor_textures.h">
      <Filter>Header Files</Filter>
    </ClInclude>
    <ClInclude Include="src\editor\displays\SceneDisplay.h">
      <Filter>Header Files</Filter>
    </ClInclude>
    <ClInclude Include="src\editor\displays\AssetDisplay.h">
      <Filter>Header Files</Filter>
    </ClInclude>
    <ClInclude Include="src\editor\utilities\editor_utilities.h">
      <Filter>Header Files</Filter>
    </ClInclude>
    <ClInclude Include="src\editor\scene\SceneObject.h">
      <Filter>Header Files</Filter>
    </ClInclude>
    <ClInclude Include="src\editor\scene\SceneManager.h">
      <Filter>Header Files</Filter>
    </ClInclude>
    <ClInclude Include="src\editor\tools\AbstractTool.h">
      <Filter>Header Files</Filter>
    </ClInclude>
    <ClInclude Include="src\editor\tools\ToolAccessories.h">
      <Filter>Header Files</Filter>
    </ClInclude>
    <ClInclude Include="src\editor\tools\ToolManager.h">
      <Filter>Header Files</Filter>
    </ClInclude>
    <ClInclude Include="src\editor\displays\MenuDisplay.h">
      <Filter>Header Files</Filter>
    </ClInclude>
    <ClInclude Include="src\editor\utilities\ComponentDrawer.h">
      <Filter>Header Files</Filter>
    </ClInclude>
    <ClInclude Include="src\editor\utilities\ImGuiUtils.h">
      <Filter>Header Files</Filter>
    </ClInclude>
    <ClInclude Include="src\editor\displays\SceneHierarchyDisplay.h">
      <Filter>Header Files</Filter>
    </ClInclude>
  </ItemGroup>
  <ItemGroup>
    <Media Include="assets\music\2-23am.wav">
      <Filter>Resource Files</Filter>
    </Media>
    <Media Include="assets\soundFx\hit.wav">
      <Filter>Resource Files</Filter>
    </Media>
    <Media Include="assets\soundFx\jumping.wav">
      <Filter>Resource Files</Filter>
    </Media>
    <Media Include="assets\soundFx\landing.wav">
      <Filter>Resource Files</Filter>
    </Media>
    <Media Include="assets\soundFx\shooting.wav">
      <Filter>Resource Files</Filter>
    </Media>
  </ItemGroup>
  <ItemGroup>
    <Text Include="assets\models\backpack\source_attribution.txt" />
    <Text Include="assets\models\nanosuit\LICENSE.txt" />
    <Text Include="assets\models\cyborg\LICENSE.txt" />
  </ItemGroup>
</Project>